// !$*UTF8*$!
{
	archiveVersion = 1;
	classes = {
	};
	objectVersion = 50;
	objects = {

/* Begin PBXBuildFile section */
		2E66C90F3BEB282BDCC9A9B4 /* Pods_BUCKS.framework in Frameworks */ = {isa = PBXBuildFile; fileRef = 6F23408C505EE4BAE1066EEF /* Pods_BUCKS.framework */; };
		AD129DFC221C328F003475A7 /* AppDelegate.swift in Sources */ = {isa = PBXBuildFile; fileRef = AD129DFB221C328F003475A7 /* AppDelegate.swift */; };
		AD129DFE221C328F003475A7 /* ViewController.swift in Sources */ = {isa = PBXBuildFile; fileRef = AD129DFD221C328F003475A7 /* ViewController.swift */; };
		AD129E01221C328F003475A7 /* Main.storyboard in Resources */ = {isa = PBXBuildFile; fileRef = AD129DFF221C328F003475A7 /* Main.storyboard */; };
		AD129E03221C3291003475A7 /* Assets.xcassets in Resources */ = {isa = PBXBuildFile; fileRef = AD129E02221C3291003475A7 /* Assets.xcassets */; };
		AD129E06221C3291003475A7 /* LaunchScreen.storyboard in Resources */ = {isa = PBXBuildFile; fileRef = AD129E04221C3291003475A7 /* LaunchScreen.storyboard */; };
/* End PBXBuildFile section */

/* Begin PBXFileReference section */
		6F23408C505EE4BAE1066EEF /* Pods_BUCKS.framework */ = {isa = PBXFileReference; explicitFileType = wrapper.framework; includeInIndex = 0; path = Pods_BUCKS.framework; sourceTree = BUILT_PRODUCTS_DIR; };
		AD129DF8221C328F003475A7 /* BUCKS.app */ = {isa = PBXFileReference; explicitFileType = wrapper.application; includeInIndex = 0; path = BUCKS.app; sourceTree = BUILT_PRODUCTS_DIR; };
		AD129DFB221C328F003475A7 /* AppDelegate.swift */ = {isa = PBXFileReference; lastKnownFileType = sourcecode.swift; path = AppDelegate.swift; sourceTree = "<group>"; };
		AD129DFD221C328F003475A7 /* ViewController.swift */ = {isa = PBXFileReference; lastKnownFileType = sourcecode.swift; path = ViewController.swift; sourceTree = "<group>"; };
		AD129E00221C328F003475A7 /* Base */ = {isa = PBXFileReference; lastKnownFileType = file.storyboard; name = Base; path = Base.lproj/Main.storyboard; sourceTree = "<group>"; };
		AD129E02221C3291003475A7 /* Assets.xcassets */ = {isa = PBXFileReference; lastKnownFileType = folder.assetcatalog; path = Assets.xcassets; sourceTree = "<group>"; };
		AD129E05221C3291003475A7 /* Base */ = {isa = PBXFileReference; lastKnownFileType = file.storyboard; name = Base; path = Base.lproj/LaunchScreen.storyboard; sourceTree = "<group>"; };
		AD129E07221C3291003475A7 /* Info.plist */ = {isa = PBXFileReference; lastKnownFileType = text.plist.xml; path = Info.plist; sourceTree = "<group>"; };
		D5464D9100C470EE9E31D129 /* Pods-BUCKS.release.xcconfig */ = {isa = PBXFileReference; includeInIndex = 1; lastKnownFileType = text.xcconfig; name = "Pods-BUCKS.release.xcconfig"; path = "Pods/Target Support Files/Pods-BUCKS/Pods-BUCKS.release.xcconfig"; sourceTree = "<group>"; };
		E0ABDFB90E871A788FD0B587 /* Pods-BUCKS.debug.xcconfig */ = {isa = PBXFileReference; includeInIndex = 1; lastKnownFileType = text.xcconfig; name = "Pods-BUCKS.debug.xcconfig"; path = "Pods/Target Support Files/Pods-BUCKS/Pods-BUCKS.debug.xcconfig"; sourceTree = "<group>"; };
/* End PBXFileReference section */

/* Begin PBXFrameworksBuildPhase section */
		AD129DF5221C328F003475A7 /* Frameworks */ = {
			isa = PBXFrameworksBuildPhase;
			buildActionMask = 2147483647;
			files = (
				2E66C90F3BEB282BDCC9A9B4 /* Pods_BUCKS.framework in Frameworks */,
			);
			runOnlyForDeploymentPostprocessing = 0;
		};
/* End PBXFrameworksBuildPhase section */

/* Begin PBXGroup section */
		08028F26714EEBE1C0151A79 /* Frameworks */ = {
			isa = PBXGroup;
			children = (
				6F23408C505EE4BAE1066EEF /* Pods_BUCKS.framework */,
			);
			name = Frameworks;
			sourceTree = "<group>";
		};
		77CE4D196DB0B2655CC45DAB /* Pods */ = {
			isa = PBXGroup;
			children = (
				E0ABDFB90E871A788FD0B587 /* Pods-BUCKS.debug.xcconfig */,
				D5464D9100C470EE9E31D129 /* Pods-BUCKS.release.xcconfig */,
			);
			name = Pods;
			sourceTree = "<group>";
		};
		AD129DEF221C328F003475A7 = {
			isa = PBXGroup;
			children = (
				AD129DFA221C328F003475A7 /* BUCKS */,
				AD129DF9221C328F003475A7 /* Products */,
				77CE4D196DB0B2655CC45DAB /* Pods */,
				08028F26714EEBE1C0151A79 /* Frameworks */,
			);
			sourceTree = "<group>";
		};
		AD129DF9221C328F003475A7 /* Products */ = {
			isa = PBXGroup;
			children = (
				AD129DF8221C328F003475A7 /* BUCKS.app */,
			);
			name = Products;
			sourceTree = "<group>";
		};
		AD129DFA221C328F003475A7 /* BUCKS */ = {
			isa = PBXGroup;
			children = (
				AD129DFB221C328F003475A7 /* AppDelegate.swift */,
				AD129DFD221C328F003475A7 /* ViewController.swift */,
				AD129DFF221C328F003475A7 /* Main.storyboard */,
				AD129E02221C3291003475A7 /* Assets.xcassets */,
				AD129E04221C3291003475A7 /* LaunchScreen.storyboard */,
				AD129E07221C3291003475A7 /* Info.plist */,
			);
			path = BUCKS;
			sourceTree = "<group>";
		};
/* End PBXGroup section */

/* Begin PBXNativeTarget section */
		AD129DF7221C328F003475A7 /* BUCKS */ = {
			isa = PBXNativeTarget;
			buildConfigurationList = AD129E0A221C3291003475A7 /* Build configuration list for PBXNativeTarget "BUCKS" */;
			buildPhases = (
				2AD3F2C698BFE13245D97B68 /* [CP] Check Pods Manifest.lock */,
				AD129DF4221C328F003475A7 /* Sources */,
				AD129DF5221C328F003475A7 /* Frameworks */,
				AD129DF6221C328F003475A7 /* Resources */,
				3D407EDE32497287C31FD3BE /* [CP] Embed Pods Frameworks */,
			);
			buildRules = (
			);
			dependencies = (
			);
			name = BUCKS;
			productName = BUCKS;
			productReference = AD129DF8221C328F003475A7 /* BUCKS.app */;
			productType = "com.apple.product-type.application";
		};
/* End PBXNativeTarget section */

/* Begin PBXProject section */
		AD129DF0221C328F003475A7 /* Project object */ = {
			isa = PBXProject;
			attributes = {
				LastSwiftUpdateCheck = 1010;
				LastUpgradeCheck = 1010;
				ORGANIZATIONNAME = "Burak Oner";
				TargetAttributes = {
					AD129DF7221C328F003475A7 = {
						CreatedOnToolsVersion = 10.1;
					};
				};
			};
			buildConfigurationList = AD129DF3221C328F003475A7 /* Build configuration list for PBXProject "BUCKS" */;
			compatibilityVersion = "Xcode 9.3";
			developmentRegion = en;
			hasScannedForEncodings = 0;
			knownRegions = (
				en,
				Base,
			);
			mainGroup = AD129DEF221C328F003475A7;
			productRefGroup = AD129DF9221C328F003475A7 /* Products */;
			projectDirPath = "";
			projectRoot = "";
			targets = (
				AD129DF7221C328F003475A7 /* BUCKS */,
			);
		};
/* End PBXProject section */

/* Begin PBXResourcesBuildPhase section */
		AD129DF6221C328F003475A7 /* Resources */ = {
			isa = PBXResourcesBuildPhase;
			buildActionMask = 2147483647;
			files = (
				AD129E06221C3291003475A7 /* LaunchScreen.storyboard in Resources */,
				AD129E03221C3291003475A7 /* Assets.xcassets in Resources */,
				AD129E01221C328F003475A7 /* Main.storyboard in Resources */,
			);
			runOnlyForDeploymentPostprocessing = 0;
		};
/* End PBXResourcesBuildPhase section */

/* Begin PBXShellScriptBuildPhase section */
		2AD3F2C698BFE13245D97B68 /* [CP] Check Pods Manifest.lock */ = {
			isa = PBXShellScriptBuildPhase;
			buildActionMask = 2147483647;
			files = (
			);
			inputFileListPaths = (
			);
			inputPaths = (
				"${PODS_PODFILE_DIR_PATH}/Podfile.lock",
				"${PODS_ROOT}/Manifest.lock",
			);
			name = "[CP] Check Pods Manifest.lock";
			outputFileListPaths = (
			);
			outputPaths = (
				"$(DERIVED_FILE_DIR)/Pods-BUCKS-checkManifestLockResult.txt",
			);
			runOnlyForDeploymentPostprocessing = 0;
			shellPath = /bin/sh;
			shellScript = "diff \"${PODS_PODFILE_DIR_PATH}/Podfile.lock\" \"${PODS_ROOT}/Manifest.lock\" > /dev/null\nif [ $? != 0 ] ; then\n    # print error to STDERR\n    echo \"error: The sandbox is not in sync with the Podfile.lock. Run 'pod install' or update your CocoaPods installation.\" >&2\n    exit 1\nfi\n# This output is used by Xcode 'outputs' to avoid re-running this script phase.\necho \"SUCCESS\" > \"${SCRIPT_OUTPUT_FILE_0}\"\n";
			showEnvVarsInLog = 0;
		};
		3D407EDE32497287C31FD3BE /* [CP] Embed Pods Frameworks */ = {
			isa = PBXShellScriptBuildPhase;
			buildActionMask = 2147483647;
			files = (
			);
			inputFileListPaths = (
			);
			inputPaths = (
				"${SRCROOT}/Pods/Target Support Files/Pods-BUCKS/Pods-BUCKS-frameworks.sh",
				"${BUILT_PRODUCTS_DIR}/RxAtomic/RxAtomic.framework",
				"${BUILT_PRODUCTS_DIR}/RxCocoa/RxCocoa.framework",
				"${BUILT_PRODUCTS_DIR}/RxSwift/RxSwift.framework",
			);
			name = "[CP] Embed Pods Frameworks";
			outputFileListPaths = (
			);
			outputPaths = (
				"${TARGET_BUILD_DIR}/${FRAMEWORKS_FOLDER_PATH}/RxAtomic.framework",
				"${TARGET_BUILD_DIR}/${FRAMEWORKS_FOLDER_PATH}/RxCocoa.framework",
				"${TARGET_BUILD_DIR}/${FRAMEWORKS_FOLDER_PATH}/RxSwift.framework",
			);
			runOnlyForDeploymentPostprocessing = 0;
			shellPath = /bin/sh;
			shellScript = "\"${SRCROOT}/Pods/Target Support Files/Pods-BUCKS/Pods-BUCKS-frameworks.sh\"\n";
			showEnvVarsInLog = 0;
		};
/* End PBXShellScriptBuildPhase section */

/* Begin PBXSourcesBuildPhase section */
		AD129DF4221C328F003475A7 /* Sources */ = {
			isa = PBXSourcesBuildPhase;
			buildActionMask = 2147483647;
			files = (
				AD129DFE221C328F003475A7 /* ViewController.swift in Sources */,
				AD129DFC221C328F003475A7 /* AppDelegate.swift in Sources */,
			);
			runOnlyForDeploymentPostprocessing = 0;
		};
/* End PBXSourcesBuildPhase section */

/* Begin PBXVariantGroup section */
		AD129DFF221C328F003475A7 /* Main.storyboard */ = {
			isa = PBXVariantGroup;
			children = (
				AD129E00221C328F003475A7 /* Base */,
			);
			name = Main.storyboard;
			sourceTree = "<group>";
		};
		AD129E04221C3291003475A7 /* LaunchScreen.storyboard */ = {
			isa = PBXVariantGroup;
			children = (
				AD129E05221C3291003475A7 /* Base */,
			);
			name = LaunchScreen.storyboard;
			sourceTree = "<group>";
		};
/* End PBXVariantGroup section */

/* Begin XCBuildConfiguration section */
		AD129E08221C3291003475A7 /* Debug */ = {
			isa = XCBuildConfiguration;
			buildSettings = {
				ALWAYS_SEARCH_USER_PATHS = NO;
				CLANG_ANALYZER_NONNULL = YES;
				CLANG_ANALYZER_NUMBER_OBJECT_CONVERSION = YES_AGGRESSIVE;
				CLANG_CXX_LANGUAGE_STANDARD = "gnu++14";
				CLANG_CXX_LIBRARY = "libc++";
				CLANG_ENABLE_MODULES = YES;
				CLANG_ENABLE_OBJC_ARC = YES;
				CLANG_ENABLE_OBJC_WEAK = YES;
				CLANG_WARN_BLOCK_CAPTURE_AUTORELEASING = YES;
				CLANG_WARN_BOOL_CONVERSION = YES;
				CLANG_WARN_COMMA = YES;
				CLANG_WARN_CONSTANT_CONVERSION = YES;
				CLANG_WARN_DEPRECATED_OBJC_IMPLEMENTATIONS = YES;
				CLANG_WARN_DIRECT_OBJC_ISA_USAGE = YES_ERROR;
				CLANG_WARN_DOCUMENTATION_COMMENTS = YES;
				CLANG_WARN_EMPTY_BODY = YES;
				CLANG_WARN_ENUM_CONVERSION = YES;
				CLANG_WARN_INFINITE_RECURSION = YES;
				CLANG_WARN_INT_CONVERSION = YES;
				CLANG_WARN_NON_LITERAL_NULL_CONVERSION = YES;
				CLANG_WARN_OBJC_IMPLICIT_RETAIN_SELF = YES;
				CLANG_WARN_OBJC_LITERAL_CONVERSION = YES;
				CLANG_WARN_OBJC_ROOT_CLASS = YES_ERROR;
				CLANG_WARN_RANGE_LOOP_ANALYSIS = YES;
				CLANG_WARN_STRICT_PROTOTYPES = YES;
				CLANG_WARN_SUSPICIOUS_MOVE = YES;
				CLANG_WARN_UNGUARDED_AVAILABILITY = YES_AGGRESSIVE;
				CLANG_WARN_UNREACHABLE_CODE = YES;
				CLANG_WARN__DUPLICATE_METHOD_MATCH = YES;
				CODE_SIGN_IDENTITY = "iPhone Developer";
				COPY_PHASE_STRIP = NO;
				DEBUG_INFORMATION_FORMAT = dwarf;
				ENABLE_STRICT_OBJC_MSGSEND = YES;
				ENABLE_TESTABILITY = YES;
				GCC_C_LANGUAGE_STANDARD = gnu11;
				GCC_DYNAMIC_NO_PIC = NO;
				GCC_NO_COMMON_BLOCKS = YES;
				GCC_OPTIMIZATION_LEVEL = 0;
				GCC_PREPROCESSOR_DEFINITIONS = (
					"DEBUG=1",
					"$(inherited)",
				);
				GCC_WARN_64_TO_32_BIT_CONVERSION = YES;
				GCC_WARN_ABOUT_RETURN_TYPE = YES_ERROR;
				GCC_WARN_UNDECLARED_SELECTOR = YES;
				GCC_WARN_UNINITIALIZED_AUTOS = YES_AGGRESSIVE;
				GCC_WARN_UNUSED_FUNCTION = YES;
				GCC_WARN_UNUSED_VARIABLE = YES;
				IPHONEOS_DEPLOYMENT_TARGET = 12.1;
				MTL_ENABLE_DEBUG_INFO = INCLUDE_SOURCE;
				MTL_FAST_MATH = YES;
				ONLY_ACTIVE_ARCH = YES;
				SDKROOT = iphoneos;
				SWIFT_ACTIVE_COMPILATION_CONDITIONS = DEBUG;
				SWIFT_OPTIMIZATION_LEVEL = "-Onone";
			};
			name = Debug;
		};
		AD129E09221C3291003475A7 /* Release */ = {
			isa = XCBuildConfiguration;
			buildSettings = {
				ALWAYS_SEARCH_USER_PATHS = NO;
				CLANG_ANALYZER_NONNULL = YES;
				CLANG_ANALYZER_NUMBER_OBJECT_CONVERSION = YES_AGGRESSIVE;
				CLANG_CXX_LANGUAGE_STANDARD = "gnu++14";
				CLANG_CXX_LIBRARY = "libc++";
				CLANG_ENABLE_MODULES = YES;
				CLANG_ENABLE_OBJC_ARC = YES;
				CLANG_ENABLE_OBJC_WEAK = YES;
				CLANG_WARN_BLOCK_CAPTURE_AUTORELEASING = YES;
				CLANG_WARN_BOOL_CONVERSION = YES;
				CLANG_WARN_COMMA = YES;
				CLANG_WARN_CONSTANT_CONVERSION = YES;
				CLANG_WARN_DEPRECATED_OBJC_IMPLEMENTATIONS = YES;
				CLANG_WARN_DIRECT_OBJC_ISA_USAGE = YES_ERROR;
				CLANG_WARN_DOCUMENTATION_COMMENTS = YES;
				CLANG_WARN_EMPTY_BODY = YES;
				CLANG_WARN_ENUM_CONVERSION = YES;
				CLANG_WARN_INFINITE_RECURSION = YES;
				CLANG_WARN_INT_CONVERSION = YES;
				CLANG_WARN_NON_LITERAL_NULL_CONVERSION = YES;
				CLANG_WARN_OBJC_IMPLICIT_RETAIN_SELF = YES;
				CLANG_WARN_OBJC_LITERAL_CONVERSION = YES;
				CLANG_WARN_OBJC_ROOT_CLASS = YES_ERROR;
				CLANG_WARN_RANGE_LOOP_ANALYSIS = YES;
				CLANG_WARN_STRICT_PROTOTYPES = YES;
				CLANG_WARN_SUSPICIOUS_MOVE = YES;
				CLANG_WARN_UNGUARDED_AVAILABILITY = YES_AGGRESSIVE;
				CLANG_WARN_UNREACHABLE_CODE = YES;
				CLANG_WARN__DUPLICATE_METHOD_MATCH = YES;
				CODE_SIGN_IDENTITY = "iPhone Developer";
				COPY_PHASE_STRIP = NO;
				DEBUG_INFORMATION_FORMAT = "dwarf-with-dsym";
				ENABLE_NS_ASSERTIONS = NO;
				ENABLE_STRICT_OBJC_MSGSEND = YES;
				GCC_C_LANGUAGE_STANDARD = gnu11;
				GCC_NO_COMMON_BLOCKS = YES;
				GCC_WARN_64_TO_32_BIT_CONVERSION = YES;
				GCC_WARN_ABOUT_RETURN_TYPE = YES_ERROR;
				GCC_WARN_UNDECLARED_SELECTOR = YES;
				GCC_WARN_UNINITIALIZED_AUTOS = YES_AGGRESSIVE;
				GCC_WARN_UNUSED_FUNCTION = YES;
				GCC_WARN_UNUSED_VARIABLE = YES;
				IPHONEOS_DEPLOYMENT_TARGET = 12.1;
				MTL_ENABLE_DEBUG_INFO = NO;
				MTL_FAST_MATH = YES;
				SDKROOT = iphoneos;
				SWIFT_COMPILATION_MODE = wholemodule;
				SWIFT_OPTIMIZATION_LEVEL = "-O";
				VALIDATE_PRODUCT = YES;
			};
			name = Release;
		};
		AD129E0B221C3291003475A7 /* Debug */ = {
			isa = XCBuildConfiguration;
			baseConfigurationReference = E0ABDFB90E871A788FD0B587 /* Pods-BUCKS.debug.xcconfig */;
			buildSettings = {
				ASSETCATALOG_COMPILER_APPICON_NAME = AppIcon;
				CODE_SIGN_STYLE = Automatic;
				DEVELOPMENT_TEAM = 4695V42EZ2;
				INFOPLIST_FILE = BUCKS/Info.plist;
				LD_RUNPATH_SEARCH_PATHS = (
					"$(inherited)",
					"@executable_path/Frameworks",
				);
				PRODUCT_BUNDLE_IDENTIFIER = com.imburakoner.BUCKS;
				PRODUCT_NAME = "$(TARGET_NAME)";
				SWIFT_VERSION = 4.2;
				TARGETED_DEVICE_FAMILY = "1,2";
			};
			name = Debug;
		};
		AD129E0C221C3291003475A7 /* Release */ = {
			isa = XCBuildConfiguration;
			baseConfigurationReference = D5464D9100C470EE9E31D129 /* Pods-BUCKS.release.xcconfig */;
			buildSettings = {
				ASSETCATALOG_COMPILER_APPICON_NAME = AppIcon;
				CODE_SIGN_STYLE = Automatic;
				DEVELOPMENT_TEAM = 4695V42EZ2;
				INFOPLIST_FILE = BUCKS/Info.plist;
				LD_RUNPATH_SEARCH_PATHS = (
					"$(inherited)",
					"@executable_path/Frameworks",
				);
				PRODUCT_BUNDLE_IDENTIFIER = com.imburakoner.BUCKS;
				PRODUCT_NAME = "$(TARGET_NAME)";
				SWIFT_VERSION = 4.2;
				TARGETED_DEVICE_FAMILY = "1,2";
			};
			name = Release;
		};
/* End XCBuildConfiguration section */

/* Begin XCConfigurationList section */
		AD129DF3221C328F003475A7 /* Build configuration list for PBXProject "BUCKS" */ = {
			isa = XCConfigurationList;
			buildConfigurations = (
				AD129E08221C3291003475A7 /* Debug */,
				AD129E09221C3291003475A7 /* Release */,
			);
			defaultConfigurationIsVisible = 0;
			defaultConfigurationName = Release;
		};
		AD129E0A221C3291003475A7 /* Build configuration list for PBXNativeTarget "BUCKS" */ = {
			isa = XCConfigurationList;
			buildConfigurations = (
				AD129E0B221C3291003475A7 /* Debug */,
				AD129E0C221C3291003475A7 /* Release */,
			);
			defaultConfigurationIsVisible = 0;
			defaultConfigurationName = Release;
		};
/* End XCConfigurationList section */
	};
	rootObject = AD129DF0221C328F003475A7 /* Project object */;
}
